# THIS IS AN AUTOGENERATED FILE. DO NOT EDIT THIS FILE DIRECTLY.
# yarn lockfile v1


acorn-jsx@^3.0.0:
  version "3.0.1"
  resolved "https://registry.yarnpkg.com/acorn-jsx/-/acorn-jsx-3.0.1.tgz#afdf9488fb1ecefc8348f6fb22f464e32a58b36b"
  dependencies:
    acorn "^3.0.4"

acorn@^3.0.4:
  version "3.3.0"
  resolved "https://registry.yarnpkg.com/acorn/-/acorn-3.3.0.tgz#45e37fb39e8da3f25baee3ff5369e2bb5f22017a"

acorn@^5.4.0:
  version "5.4.1"
  resolved "https://registry.yarnpkg.com/acorn/-/acorn-5.4.1.tgz#fdc58d9d17f4a4e98d102ded826a9b9759125102"

array-differ@^1.0.0:
  version "1.0.0"
  resolved "https://registry.yarnpkg.com/array-differ/-/array-differ-1.0.0.tgz#eff52e3758249d33be402b8bb8e564bb2b5d4031"

array-union@^1.0.1:
  version "1.0.2"
  resolved "https://registry.yarnpkg.com/array-union/-/array-union-1.0.2.tgz#9a34410e4f4e3da23dea375be5be70f24778ec39"
  dependencies:
    array-uniq "^1.0.1"

array-uniq@^1.0.1:
  version "1.0.3"
  resolved "https://registry.yarnpkg.com/array-uniq/-/array-uniq-1.0.3.tgz#af6ac877a25cc7f74e058894753858dfdb24fdb6"

arrify@^1.0.0, arrify@^1.0.1:
  version "1.0.1"
  resolved "https://registry.yarnpkg.com/arrify/-/arrify-1.0.1.tgz#898508da2226f380df904728456849c1501a4b0d"

balanced-match@^1.0.0:
  version "1.0.0"
  resolved "https://registry.yarnpkg.com/balanced-match/-/balanced-match-1.0.0.tgz#89b4d199ab2bee49de164ea02b89ce462d71b767"

brace-expansion@^1.1.7:
  version "1.1.8"
  resolved "https://registry.yarnpkg.com/brace-expansion/-/brace-expansion-1.1.8.tgz#c07b211c7c952ec1f8efd51a77ef0d1d3990a292"
  dependencies:
    balanced-match "^1.0.0"
    concat-map "0.0.1"

buf-compare@^1.0.0:
  version "1.0.1"
  resolved "https://registry.yarnpkg.com/buf-compare/-/buf-compare-1.0.1.tgz#fef28da8b8113a0a0db4430b0b6467b69730b34a"

clean-regexp@^1.0.0:
  version "1.0.0"
  resolved "https://registry.yarnpkg.com/clean-regexp/-/clean-regexp-1.0.0.tgz#8df7c7aae51fd36874e8f8d05b9180bc11a3fed7"
  dependencies:
    escape-string-regexp "^1.0.5"

concat-map@0.0.1:
  version "0.0.1"
  resolved "https://registry.yarnpkg.com/concat-map/-/concat-map-0.0.1.tgz#d8a96bd77fd68df7793a73036a3ba0d5405d477b"

core-assert@^0.2.0:
  version "0.2.1"
  resolved "https://registry.yarnpkg.com/core-assert/-/core-assert-0.2.1.tgz#f85e2cf9bfed28f773cc8b3fa5c5b69bdc02fe3f"
  dependencies:
    buf-compare "^1.0.0"
    is-error "^2.2.0"

core-js@^2.0.0:
  version "2.5.3"
  resolved "https://registry.yarnpkg.com/core-js/-/core-js-2.5.3.tgz#8acc38345824f16d8365b7c9b4259168e8ed603e"

deep-strict-equal@^0.2.0:
  version "0.2.0"
  resolved "https://registry.yarnpkg.com/deep-strict-equal/-/deep-strict-equal-0.2.0.tgz#4a078147a8ab57f6a0d4f5547243cd22f44eb4e4"
  dependencies:
    core-assert "^0.2.0"

enhance-visitors@^1.0.0:
  version "1.0.0"
  resolved "https://registry.yarnpkg.com/enhance-visitors/-/enhance-visitors-1.0.0.tgz#aa945d05da465672a1ebd38fee2ed3da8518e95a"
  dependencies:
    lodash "^4.13.1"

escape-string-regexp@^1.0.5:
  version "1.0.5"
  resolved "https://registry.yarnpkg.com/escape-string-regexp/-/escape-string-regexp-1.0.5.tgz#1b61c0562190a8dff6ae3bb2cf0200ca130b86d4"

eslint-ast-utils@^1.0.0:
  version "1.1.0"
  resolved "https://registry.yarnpkg.com/eslint-ast-utils/-/eslint-ast-utils-1.1.0.tgz#3d58ba557801cfb1c941d68131ee9f8c34bd1586"
  dependencies:
    lodash.get "^4.4.2"
    lodash.zip "^4.2.0"

eslint-plugin-ava@^4.5.0:
  version "4.5.0"
  resolved "https://registry.yarnpkg.com/eslint-plugin-ava/-/eslint-plugin-ava-4.5.0.tgz#9f305d0703e2879974fa9ead29cc533b3d12a44b"
  dependencies:
    arrify "^1.0.1"
    deep-strict-equal "^0.2.0"
    enhance-visitors "^1.0.0"
    espree "^3.1.3"
    espurify "^1.5.0"
    import-modules "^1.1.0"
    multimatch "^2.1.0"
    pkg-up "^2.0.0"

eslint-plugin-destructuring@^2.1.0:
  version "2.1.0"
  resolved "https://registry.yarnpkg.com/eslint-plugin-destructuring/-/eslint-plugin-destructuring-2.1.0.tgz#f6f8b3925120ecaf376c68d6bc6a9d30defa6aba"
  dependencies:
    lodash.zipobject "^4.1.3"

eslint-plugin-lodash@^2.6.1:
  version "2.6.1"
  resolved "https://registry.yarnpkg.com/eslint-plugin-lodash/-/eslint-plugin-lodash-2.6.1.tgz#a56f41d318fecf1ec69aae9851df0d37242ab168"
  dependencies:
    lodash "~4.17.0"

eslint-plugin-no-loops@^0.3.0:
  version "0.3.0"
  resolved "https://registry.yarnpkg.com/eslint-plugin-no-loops/-/eslint-plugin-no-loops-0.3.0.tgz#e81fecb4eaaf494a926d9caba9a7cd84d1fede7d"

eslint-plugin-node@^6.0.0:
  version "6.0.0"
  resolved "https://registry.yarnpkg.com/eslint-plugin-node/-/eslint-plugin-node-6.0.0.tgz#5ad5ee6b5346aec6cc9cde0b8619caed2c6d8f25"
  dependencies:
    ignore "^3.3.6"
    minimatch "^3.0.4"
    resolve "^1.3.3"
    semver "^5.4.1"

eslint-plugin-promise@^3.6.0:
  version "3.6.0"
  resolved "https://registry.yarnpkg.com/eslint-plugin-promise/-/eslint-plugin-promise-3.6.0.tgz#54b7658c8f454813dc2a870aff8152ec4969ba75"

eslint-plugin-unicorn@^3.0.1:
  version "3.0.1"
  resolved "https://registry.yarnpkg.com/eslint-plugin-unicorn/-/eslint-plugin-unicorn-3.0.1.tgz#dae02614a53b921541a9318a46e50ab5bdeb5d7c"
  dependencies:
    clean-regexp "^1.0.0"
    eslint-ast-utils "^1.0.0"
    import-modules "^1.1.0"
    lodash.camelcase "^4.1.1"
    lodash.kebabcase "^4.0.1"
    lodash.snakecase "^4.0.1"
    lodash.upperfirst "^4.2.0"

espree@^3.1.3:
  version "3.5.3"
  resolved "https://registry.yarnpkg.com/espree/-/espree-3.5.3.tgz#931e0af64e7fbbed26b050a29daad1fc64799fa6"
  dependencies:
    acorn "^5.4.0"
    acorn-jsx "^3.0.0"

espurify@^1.5.0:
  version "1.7.0"
  resolved "https://registry.yarnpkg.com/espurify/-/espurify-1.7.0.tgz#1c5cf6cbccc32e6f639380bd4f991fab9ba9d226"
  dependencies:
    core-js "^2.0.0"

find-up@^2.1.0:
  version "2.1.0"
  resolved "https://registry.yarnpkg.com/find-up/-/find-up-2.1.0.tgz#45d1b7e506c717ddd482775a2b77920a3c0c57a7"
  dependencies:
    locate-path "^2.0.0"

ignore@^3.3.6:
  version "3.3.7"
  resolved "https://registry.yarnpkg.com/ignore/-/ignore-3.3.7.tgz#612289bfb3c220e186a58118618d5be8c1bab021"

import-modules@^1.1.0:
  version "1.1.0"
  resolved "https://registry.yarnpkg.com/import-modules/-/import-modules-1.1.0.tgz#748db79c5cc42bb9701efab424f894e72600e9dc"

is-error@^2.2.0:
  version "2.2.1"
  resolved "https://registry.yarnpkg.com/is-error/-/is-error-2.2.1.tgz#684a96d84076577c98f4cdb40c6d26a5123bf19c"

locate-path@^2.0.0:
  version "2.0.0"
  resolved "https://registry.yarnpkg.com/locate-path/-/locate-path-2.0.0.tgz#2b568b265eec944c6d9c0de9c3dbbbca0354cd8e"
  dependencies:
    p-locate "^2.0.0"
    path-exists "^3.0.0"

lodash.camelcase@^4.1.1:
  version "4.3.0"
  resolved "https://registry.yarnpkg.com/lodash.camelcase/-/lodash.camelcase-4.3.0.tgz#b28aa6288a2b9fc651035c7711f65ab6190331a6"

lodash.get@^4.4.2:
  version "4.4.2"
  resolved "https://registry.yarnpkg.com/lodash.get/-/lodash.get-4.4.2.tgz#2d177f652fa31e939b4438d5341499dfa3825e99"

lodash.kebabcase@^4.0.1:
  version "4.1.1"
  resolved "https://registry.yarnpkg.com/lodash.kebabcase/-/lodash.kebabcase-4.1.1.tgz#8489b1cb0d29ff88195cceca448ff6d6cc295c36"

lodash.snakecase@^4.0.1:
  version "4.1.1"
  resolved "https://registry.yarnpkg.com/lodash.snakecase/-/lodash.snakecase-4.1.1.tgz#39d714a35357147837aefd64b5dcbb16becd8f8d"

lodash.upperfirst@^4.2.0:
  version "4.3.1"
  resolved "https://registry.yarnpkg.com/lodash.upperfirst/-/lodash.upperfirst-4.3.1.tgz#1365edf431480481ef0d1c68957a5ed99d49f7ce"

lodash.zip@^4.2.0:
  version "4.2.0"
  resolved "https://registry.yarnpkg.com/lodash.zip/-/lodash.zip-4.2.0.tgz#ec6662e4896408ed4ab6c542a3990b72cc080020"

lodash.zipobject@^4.1.3:
  version "4.1.3"
  resolved "https://registry.yarnpkg.com/lodash.zipobject/-/lodash.zipobject-4.1.3.tgz#b399f5aba8ff62a746f6979bf20b214f964dbef8"

lodash@^4.13.1, lodash@~4.17.0:
  version "4.17.5"
  resolved "https://registry.yarnpkg.com/lodash/-/lodash-4.17.5.tgz#99a92d65c0272debe8c96b6057bc8fbfa3bed511"

minimatch@^3.0.0, minimatch@^3.0.4:
  version "3.0.4"
  resolved "https://registry.yarnpkg.com/minimatch/-/minimatch-3.0.4.tgz#5166e286457f03306064be5497e8dbb0c3d32083"
  dependencies:
    brace-expansion "^1.1.7"

multimatch@^2.1.0:
  version "2.1.0"
  resolved "https://registry.yarnpkg.com/multimatch/-/multimatch-2.1.0.tgz#9c7906a22fb4c02919e2f5f75161b4cdbd4b2a2b"
  dependencies:
    array-differ "^1.0.0"
    array-union "^1.0.1"
    arrify "^1.0.0"
    minimatch "^3.0.0"

p-limit@^1.1.0:
  version "1.2.0"
  resolved "https://registry.yarnpkg.com/p-limit/-/p-limit-1.2.0.tgz#0e92b6bedcb59f022c13d0f1949dc82d15909f1c"
  dependencies:
    p-try "^1.0.0"

p-locate@^2.0.0:
  version "2.0.0"
  resolved "https://registry.yarnpkg.com/p-locate/-/p-locate-2.0.0.tgz#20a0103b222a70c8fd39cc2e580680f3dde5ec43"
  dependencies:
    p-limit "^1.1.0"

p-try@^1.0.0:
  version "1.0.0"
  resolved "https://registry.yarnpkg.com/p-try/-/p-try-1.0.0.tgz#cbc79cdbaf8fd4228e13f621f2b1a237c1b207b3"

path-exists@^3.0.0:
  version "3.0.0"
  resolved "https://registry.yarnpkg.com/path-exists/-/path-exists-3.0.0.tgz#ce0ebeaa5f78cb18925ea7d810d7b59b010fd515"

path-parse@^1.0.5:
  version "1.0.5"
  resolved "https://registry.yarnpkg.com/path-parse/-/path-parse-1.0.5.tgz#3c1adf871ea9cd6c9431b6ea2bd74a0ff055c4c1"

pkg-up@^2.0.0:
  version "2.0.0"
  resolved "https://registry.yarnpkg.com/pkg-up/-/pkg-up-2.0.0.tgz#c819ac728059a461cab1c3889a2be3c49a004d7f"
  dependencies:
    find-up "^2.1.0"

resolve@^1.3.3:
  version "1.5.0"
  resolved "https://registry.yarnpkg.com/resolve/-/resolve-1.5.0.tgz#1f09acce796c9a762579f31b2c1cc4c3cddf9f36"
  dependencies:
    path-parse "^1.0.5"

semver@^5.4.1:
  version "5.5.0"
  resolved "https://registry.yarnpkg.com/semver/-/semver-5.5.0.tgz#dc4bbc7a6ca9d916dee5d43516f0092b58f7b8ab"
